
Microsoft Visual Studio Solution File, Format Version 12.00
# Visual Studio Version 16
VisualStudioVersion = 16.0.30717.126
MinimumVisualStudioVersion = 10.0.40219.1
Project("{FAE04EC0-301F-11D3-BF4B-00C04F79EFBC}") = "Paint", "Paint\Paint.csproj", "{3E1A7556-8D6C-40E3-9D1E-CB5EA0A0AECC}"
EndProject
Global
	GlobalSection(SolutionConfigurationPlatforms) = preSolution
		Debug|Any CPU = Debug|Any CPU
		Release|Any CPU = Release|Any CPU
	EndGlobalSection
	GlobalSection(ProjectConfigurationPlatforms) = postSolution
		{3E1A7556-8D6C-40E3-9D1E-CB5EA0A0AECC}.Debug|Any CPU.ActiveCfg = Debug|Any CPU
		{3E1A7556-8D6C-40E3-9D1E-CB5EA0A0AECC}.Debug|Any CPU.Build.0 = Debug|Any CPU
		{3E1A7556-8D6C-40E3-9D1E-CB5EA0A0AECC}.Release|Any CPU.ActiveCfg = Release|Any CPU
		{3E1A7556-8D6C-40E3-9D1E-CB5EA0A0AECC}.Release|Any CPU.Build.0 = Release|Any CPU
	EndGlobalSection
	GlobalSection(SolutionProperties) = preSolution
		HideSolutionNode = FALSE
	EndGlobalSection
	GlobalSection(ExtensibilityGlobals) = postSolution
		SolutionGuid = {AA9746AD-B6A7-4300-AEF7-8377FE343959}
	EndGlobalSection
EndGlobal
